<?xml version="1.0" encoding="utf-8"?>
<Project ToolsVersion="4.0" xmlns="http://schemas.microsoft.com/developer/msbuild/2003">
  <ItemGroup>
    <ClCompile Include="..\..\..\source\Node.cpp">
      <Filter>dataset</Filter>
    </ClCompile>
    <ClCompile Include="..\..\..\source\node\Viewport.cpp">
      <Filter>nodes</Filter>
    </ClCompile>
    <ClCompile Include="..\..\..\source\node\Clear.cpp">
      <Filter>nodes</Filter>
    </ClCompile>
    <ClCompile Include="..\..\..\source\node\Bind.cpp">
      <Filter>nodes</Filter>
    </ClCompile>
    <ClCompile Include="..\..\..\source\node\Unbind.cpp">
      <Filter>nodes</Filter>
    </ClCompile>
    <ClCompile Include="..\..\..\source\RegistRTTR.cpp" />
    <ClCompile Include="..\..\..\source\RenderGraph.cpp" />
    <ClCompile Include="..\..\..\source\DrawList.cpp">
      <Filter>dataset</Filter>
    </ClCompile>
    <ClCompile Include="..\..\..\source\node\RenderTarget.cpp">
      <Filter>nodes\asset</Filter>
    </ClCompile>
    <ClCompile Include="..\..\..\source\node\Texture.cpp">
      <Filter>nodes\asset</Filter>
    </ClCompile>
    <ClCompile Include="..\..\..\source\node\Shader.cpp">
      <Filter>nodes\asset</Filter>
    </ClCompile>
    <ClCompile Include="..\..\..\source\node\DrawCube.cpp">
      <Filter>nodes\draw</Filter>
    </ClCompile>
    <ClCompile Include="..\..\..\source\Evaluator.cpp">
      <Filter>eval</Filter>
    </ClCompile>
  </ItemGroup>
  <ItemGroup>
    <ClInclude Include="..\..\..\include\rendergraph\Node.h">
      <Filter>dataset</Filter>
    </ClInclude>
    <ClInclude Include="..\..\..\include\rendergraph\node\Viewport.h">
      <Filter>nodes</Filter>
    </ClInclude>
    <ClInclude Include="..\..\..\include\rendergraph\node\Clear.h">
      <Filter>nodes</Filter>
    </ClInclude>
    <ClInclude Include="..\..\..\include\rendergraph\node\Bind.h">
      <Filter>nodes</Filter>
    </ClInclude>
    <ClInclude Include="..\..\..\include\rendergraph\node\Unbind.h">
      <Filter>nodes</Filter>
    </ClInclude>
    <ClInclude Include="..\..\..\include\rendergraph\RenderGraph.h" />
    <ClInclude Include="..\..\..\include\rendergraph\typedef.h" />
    <ClInclude Include="..\..\..\include\rendergraph\DrawList.h">
      <Filter>dataset</Filter>
    </ClInclude>
    <ClInclude Include="..\..\..\include\rendergraph\node\DrawCube.h">
      <Filter>nodes\draw</Filter>
    </ClInclude>
    <ClInclude Include="..\..\..\include\rendergraph\node\RenderTarget.h">
      <Filter>nodes\asset</Filter>
    </ClInclude>
    <ClInclude Include="..\..\..\include\rendergraph\node\Texture.h">
      <Filter>nodes\asset</Filter>
    </ClInclude>
    <ClInclude Include="..\..\..\include\rendergraph\node\Shader.h">
      <Filter>nodes\asset</Filter>
    </ClInclude>
    <ClInclude Include="..\..\..\include\rendergraph\Evaluator.h">
      <Filter>eval</Filter>
    </ClInclude>
    <ClInclude Include="..\..\..\include\rendergraph\Variable.h">
      <Filter>dataset\var</Filter>
    </ClInclude>
    <ClInclude Include="..\..\..\include\rendergraph\VariableType.h">
      <Filter>dataset\var</Filter>
    </ClInclude>
    <ClInclude Include="..\..\..\include\rendergraph\ShaderVariant.h">
      <Filter>dataset\var</Filter>
    </ClInclude>
    <ClInclude Include="..\..\..\include\rendergraph\node\Value.h">
      <Filter>nodes\value</Filter>
    </ClInclude>
  </ItemGroup>
  <ItemGroup>
    <Filter Include="dataset">
      <UniqueIdentifier>{6cde9704-4f60-4ca4-a14a-9c1f22aff258}</UniqueIdentifier>
    </Filter>
    <Filter Include="nodes">
      <UniqueIdentifier>{d8aec64a-33c0-4426-a7d1-60c4284e7d95}</UniqueIdentifier>
    </Filter>
    <Filter Include="nodes\draw">
      <UniqueIdentifier>{00e17a72-40ac-403d-bffc-a330418d2ca3}</UniqueIdentifier>
    </Filter>
    <Filter Include="nodes\asset">
      <UniqueIdentifier>{1f31dfc8-c455-4a3a-8e3a-1d7b51118864}</UniqueIdentifier>
    </Filter>
    <Filter Include="nodes\value">
      <UniqueIdentifier>{282905c5-e0c1-4398-8e23-e38d7f5aff06}</UniqueIdentifier>
    </Filter>
    <Filter Include="eval">
      <UniqueIdentifier>{8805e41c-b583-4b9e-a3e6-62b8e2e99c78}</UniqueIdentifier>
    </Filter>
    <Filter Include="dataset\var">
      <UniqueIdentifier>{ccf862a4-de04-4960-b7dc-f056ec2e9f64}</UniqueIdentifier>
    </Filter>
  </ItemGroup>
</Project>