<?xml version="1.0" encoding="utf-8"?>
<Project ToolsVersion="4.0" xmlns="http://schemas.microsoft.com/developer/msbuild/2003">
  <ItemGroup>
    <ClCompile Include="..\..\..\source\Node.cpp">
      <Filter>dataset</Filter>
    </ClCompile>
    <ClCompile Include="..\..\..\source\RenderGraph.cpp" />
    <ClCompile Include="..\..\..\source\DrawList.cpp">
      <Filter>dataset</Filter>
    </ClCompile>
    <ClCompile Include="..\..\..\source\node\RenderTarget.cpp">
      <Filter>nodes\resource</Filter>
    </ClCompile>
    <ClCompile Include="..\..\..\source\node\Texture.cpp">
      <Filter>nodes\resource</Filter>
    </ClCompile>
    <ClCompile Include="..\..\..\source\node\Shader.cpp">
      <Filter>nodes\resource</Filter>
    </ClCompile>
    <ClCompile Include="..\..\..\source\Evaluator.cpp">
      <Filter>system</Filter>
    </ClCompile>
    <ClCompile Include="..\..\..\source\node\Cull.cpp">
      <Filter>nodes\state</Filter>
    </ClCompile>
    <ClCompile Include="..\..\..\source\node\ZWrite.cpp">
      <Filter>nodes\state</Filter>
    </ClCompile>
    <ClCompile Include="..\..\..\source\node\ZTest.cpp">
      <Filter>nodes\state</Filter>
    </ClCompile>
    <ClCompile Include="..\..\..\source\node\AlphaTest.cpp">
      <Filter>nodes\state</Filter>
    </ClCompile>
    <ClCompile Include="..\..\..\source\node\BlendFunc.cpp">
      <Filter>nodes\state</Filter>
    </ClCompile>
    <ClCompile Include="..\..\..\source\node\BlendEq.cpp">
      <Filter>nodes\state</Filter>
    </ClCompile>
    <ClCompile Include="..\..\..\source\node\Bind.cpp">
      <Filter>nodes\op</Filter>
    </ClCompile>
    <ClCompile Include="..\..\..\source\node\Unbind.cpp">
      <Filter>nodes\op</Filter>
    </ClCompile>
    <ClCompile Include="..\..\..\source\node\Clear.cpp">
      <Filter>nodes\op</Filter>
    </ClCompile>
    <ClCompile Include="..\..\..\source\node\Viewport.cpp">
      <Filter>nodes\state</Filter>
    </ClCompile>
    <ClCompile Include="..\..\..\source\node\Draw.cpp">
      <Filter>nodes\op</Filter>
    </ClCompile>
    <ClCompile Include="..\..\..\source\node\VertexArray.cpp">
      <Filter>nodes\resource</Filter>
    </ClCompile>
    <ClCompile Include="..\..\..\source\node\Model.cpp">
      <Filter>nodes\resource</Filter>
    </ClCompile>
    <ClCompile Include="..\..\..\source\node\FrontFace.cpp">
      <Filter>nodes\state</Filter>
    </ClCompile>
    <ClCompile Include="..\..\..\source\RenderSystem.cpp">
      <Filter>system</Filter>
    </ClCompile>
    <ClCompile Include="..\..\..\source\node\PrimitiveShape.cpp">
      <Filter>nodes\resource</Filter>
    </ClCompile>
    <ClCompile Include="..\..\..\source\node\ShaderParser.cpp">
      <Filter>nodes\resource</Filter>
    </ClCompile>
    <ClCompile Include="..\..\..\source\ScriptEnv.cpp">
      <Filter>tools</Filter>
    </ClCompile>
    <ClCompile Include="..\..\..\source\ShaderVariant.cpp">
      <Filter>dataset\var</Filter>
    </ClCompile>
    <ClCompile Include="..\..\..\source\node\SetUniform.cpp">
      <Filter>nodes\op</Filter>
    </ClCompile>
    <ClCompile Include="..\..\..\source\node\ForEachLoop.cpp">
      <Filter>nodes\others\control flow</Filter>
    </ClCompile>
    <ClCompile Include="..\..\..\source\Utility.cpp">
      <Filter>tools</Filter>
    </ClCompile>
    <ClCompile Include="..\..\..\source\node\Heightfield.cpp">
      <Filter>nodes\resource</Filter>
    </ClCompile>
    <ClCompile Include="..\..\..\source\RegistRTTR.cpp">
      <Filter>tools\rtti</Filter>
    </ClCompile>
    <ClCompile Include="..\..\..\source\node\TextureCube.cpp">
      <Filter>nodes\resource</Filter>
    </ClCompile>
    <ClCompile Include="..\..\..\source\node\value_nodes.cpp">
      <Filter>nodes\others</Filter>
    </ClCompile>
    <ClCompile Include="..\..\..\source\node\CustomFunction.cpp">
      <Filter>nodes\others\script</Filter>
    </ClCompile>
    <ClCompile Include="..\..\..\source\node\CustomData.cpp">
      <Filter>nodes\others\script</Filter>
    </ClCompile>
    <ClCompile Include="..\..\..\source\node\FunctionParser.cpp">
      <Filter>nodes\others\script</Filter>
    </ClCompile>
    <ClCompile Include="..\..\..\source\node\SubGraph.cpp">
      <Filter>nodes\others\subgraph</Filter>
    </ClCompile>
    <ClCompile Include="..\..\..\source\node\Output.cpp">
      <Filter>nodes\others\subgraph</Filter>
    </ClCompile>
  </ItemGroup>
  <ItemGroup>
    <ClInclude Include="..\..\..\include\rendergraph\Node.h">
      <Filter>dataset</Filter>
    </ClInclude>
    <ClInclude Include="..\..\..\include\rendergraph\RenderGraph.h" />
    <ClInclude Include="..\..\..\include\rendergraph\typedef.h" />
    <ClInclude Include="..\..\..\include\rendergraph\DrawList.h">
      <Filter>dataset</Filter>
    </ClInclude>
    <ClInclude Include="..\..\..\include\rendergraph\node\RenderTarget.h">
      <Filter>nodes\resource</Filter>
    </ClInclude>
    <ClInclude Include="..\..\..\include\rendergraph\node\Texture.h">
      <Filter>nodes\resource</Filter>
    </ClInclude>
    <ClInclude Include="..\..\..\include\rendergraph\node\Shader.h">
      <Filter>nodes\resource</Filter>
    </ClInclude>
    <ClInclude Include="..\..\..\include\rendergraph\Evaluator.h">
      <Filter>system</Filter>
    </ClInclude>
    <ClInclude Include="..\..\..\include\rendergraph\Variable.h">
      <Filter>dataset\var</Filter>
    </ClInclude>
    <ClInclude Include="..\..\..\include\rendergraph\VariableType.h">
      <Filter>dataset\var</Filter>
    </ClInclude>
    <ClInclude Include="..\..\..\include\rendergraph\ShaderVariant.h">
      <Filter>dataset\var</Filter>
    </ClInclude>
    <ClInclude Include="..\..\..\include\rendergraph\node\value_nodes.h">
      <Filter>nodes\others</Filter>
    </ClInclude>
    <ClInclude Include="..\..\..\include\rendergraph\node\math_nodes.h">
      <Filter>nodes\others</Filter>
    </ClInclude>
    <ClInclude Include="..\..\..\include\rendergraph\RenderContext.h">
      <Filter>dataset</Filter>
    </ClInclude>
    <ClInclude Include="..\..\..\include\rendergraph\node\Cull.h">
      <Filter>nodes\state</Filter>
    </ClInclude>
    <ClInclude Include="..\..\..\include\rendergraph\node\ZWrite.h">
      <Filter>nodes\state</Filter>
    </ClInclude>
    <ClInclude Include="..\..\..\include\rendergraph\node\ZTest.h">
      <Filter>nodes\state</Filter>
    </ClInclude>
    <ClInclude Include="..\..\..\include\rendergraph\node\AlphaTest.h">
      <Filter>nodes\state</Filter>
    </ClInclude>
    <ClInclude Include="..\..\..\include\rendergraph\node\BlendFunc.h">
      <Filter>nodes\state</Filter>
    </ClInclude>
    <ClInclude Include="..\..\..\include\rendergraph\node\BlendEq.h">
      <Filter>nodes\state</Filter>
    </ClInclude>
    <ClInclude Include="..\..\..\include\rendergraph\node\Bind.h">
      <Filter>nodes\op</Filter>
    </ClInclude>
    <ClInclude Include="..\..\..\include\rendergraph\node\Unbind.h">
      <Filter>nodes\op</Filter>
    </ClInclude>
    <ClInclude Include="..\..\..\include\rendergraph\node\Clear.h">
      <Filter>nodes\op</Filter>
    </ClInclude>
    <ClInclude Include="..\..\..\include\rendergraph\node\Viewport.h">
      <Filter>nodes\state</Filter>
    </ClInclude>
    <ClInclude Include="..\..\..\include\rendergraph\node\Draw.h">
      <Filter>nodes\op</Filter>
    </ClInclude>
    <ClInclude Include="..\..\..\include\rendergraph\node\VertexArray.h">
      <Filter>nodes\resource</Filter>
    </ClInclude>
    <ClInclude Include="..\..\..\include\rendergraph\node\PrimitiveShape.h">
      <Filter>nodes\resource</Filter>
    </ClInclude>
    <ClInclude Include="..\..\..\include\rendergraph\node\Model.h">
      <Filter>nodes\resource</Filter>
    </ClInclude>
    <ClInclude Include="..\..\..\include\rendergraph\node\FrontFace.h">
      <Filter>nodes\state</Filter>
    </ClInclude>
    <ClInclude Include="..\..\..\include\rendergraph\RenderSystem.h">
      <Filter>system</Filter>
    </ClInclude>
    <ClInclude Include="..\..\..\include\rendergraph\node\ShaderParser.h">
      <Filter>nodes\resource</Filter>
    </ClInclude>
    <ClInclude Include="..\..\..\include\rendergraph\ScriptEnv.h">
      <Filter>tools</Filter>
    </ClInclude>
    <ClInclude Include="..\..\..\include\rendergraph\node\SetUniform.h">
      <Filter>nodes\op</Filter>
    </ClInclude>
    <ClInclude Include="..\..\..\include\rendergraph\node\input_nodes.h">
      <Filter>nodes\others</Filter>
    </ClInclude>
    <ClInclude Include="..\..\..\include\rendergraph\node\ForEachLoop.h">
      <Filter>nodes\others\control flow</Filter>
    </ClInclude>
    <ClInclude Include="..\..\..\include\rendergraph\Utility.h">
      <Filter>tools</Filter>
    </ClInclude>
    <ClInclude Include="..\..\..\include\rendergraph\node\Heightfield.h">
      <Filter>nodes\resource</Filter>
    </ClInclude>
    <ClInclude Include="..\..\..\include\rendergraph\node_include_gen.h">
      <Filter>tools\rtti</Filter>
    </ClInclude>
    <ClInclude Include="..\..\..\include\rendergraph\node_regist_cfg.h">
      <Filter>tools\rtti</Filter>
    </ClInclude>
    <ClInclude Include="..\..\..\include\rendergraph\node_rttr_gen.h">
      <Filter>tools\rtti</Filter>
    </ClInclude>
    <ClInclude Include="..\..\..\include\rendergraph\node\Bind.parm.h">
      <Filter>nodes\op</Filter>
    </ClInclude>
    <ClInclude Include="..\..\..\include\rendergraph\node\Clear.parm.h">
      <Filter>nodes\op</Filter>
    </ClInclude>
    <ClInclude Include="..\..\..\include\rendergraph\node\SetUniform.parm.h">
      <Filter>nodes\op</Filter>
    </ClInclude>
    <ClInclude Include="..\..\..\include\rendergraph\node\Heightfield.parm.h">
      <Filter>nodes\resource</Filter>
    </ClInclude>
    <ClInclude Include="..\..\..\include\rendergraph\node\PerspectiveMat.parm.h">
      <Filter>nodes\others\math</Filter>
    </ClInclude>
    <ClInclude Include="..\..\..\include\rendergraph\node\OrthoMat.parm.h">
      <Filter>nodes\others\math</Filter>
    </ClInclude>
    <ClInclude Include="..\..\..\include\rendergraph\node\LookAtMat.parm.h">
      <Filter>nodes\others\math</Filter>
    </ClInclude>
    <ClInclude Include="..\..\..\include\rendergraph\node\Translate.parm.h">
      <Filter>nodes\others\math</Filter>
    </ClInclude>
    <ClInclude Include="..\..\..\include\rendergraph\node\Rotate.parm.h">
      <Filter>nodes\others\math</Filter>
    </ClInclude>
    <ClInclude Include="..\..\..\include\rendergraph\node\Scale.parm.h">
      <Filter>nodes\others\math</Filter>
    </ClInclude>
    <ClInclude Include="..\..\..\include\rendergraph\node\Int.parm.h">
      <Filter>nodes\others\value</Filter>
    </ClInclude>
    <ClInclude Include="..\..\..\include\rendergraph\node\Bool.parm.h">
      <Filter>nodes\others\value</Filter>
    </ClInclude>
    <ClInclude Include="..\..\..\include\rendergraph\node\Vector1.parm.h">
      <Filter>nodes\others\value</Filter>
    </ClInclude>
    <ClInclude Include="..\..\..\include\rendergraph\node\Vector2.parm.h">
      <Filter>nodes\others\value</Filter>
    </ClInclude>
    <ClInclude Include="..\..\..\include\rendergraph\node\Vector3.parm.h">
      <Filter>nodes\others\value</Filter>
    </ClInclude>
    <ClInclude Include="..\..\..\include\rendergraph\node\Vector4.parm.h">
      <Filter>nodes\others\value</Filter>
    </ClInclude>
    <ClInclude Include="..\..\..\include\rendergraph\node\Matrix2.parm.h">
      <Filter>nodes\others\value</Filter>
    </ClInclude>
    <ClInclude Include="..\..\..\include\rendergraph\node\Matrix3.parm.h">
      <Filter>nodes\others\value</Filter>
    </ClInclude>
    <ClInclude Include="..\..\..\include\rendergraph\node\Matrix4.parm.h">
      <Filter>nodes\others\value</Filter>
    </ClInclude>
    <ClInclude Include="..\..\..\include\rendergraph\node\PrimitiveShape.parm.h">
      <Filter>nodes\resource</Filter>
    </ClInclude>
    <ClInclude Include="..\..\..\include\rendergraph\node\RenderTarget.parm.h">
      <Filter>nodes\resource</Filter>
    </ClInclude>
    <ClInclude Include="..\..\..\include\rendergraph\node\Shader.parm.h">
      <Filter>nodes\resource</Filter>
    </ClInclude>
    <ClInclude Include="..\..\..\include\rendergraph\node\Texture.parm.h">
      <Filter>nodes\resource</Filter>
    </ClInclude>
    <ClInclude Include="..\..\..\include\rendergraph\node\AlphaTest.parm.h">
      <Filter>nodes\state</Filter>
    </ClInclude>
    <ClInclude Include="..\..\..\include\rendergraph\node\BlendEq.parm.h">
      <Filter>nodes\state</Filter>
    </ClInclude>
    <ClInclude Include="..\..\..\include\rendergraph\node\BlendFunc.parm.h">
      <Filter>nodes\state</Filter>
    </ClInclude>
    <ClInclude Include="..\..\..\include\rendergraph\node\Cull.parm.h">
      <Filter>nodes\state</Filter>
    </ClInclude>
    <ClInclude Include="..\..\..\include\rendergraph\node\FrontFace.parm.h">
      <Filter>nodes\state</Filter>
    </ClInclude>
    <ClInclude Include="..\..\..\include\rendergraph\node\Viewport.parm.h">
      <Filter>nodes\state</Filter>
    </ClInclude>
    <ClInclude Include="..\..\..\include\rendergraph\node\ZTest.parm.h">
      <Filter>nodes\state</Filter>
    </ClInclude>
    <ClInclude Include="..\..\..\include\rendergraph\node\ZWrite.parm.h">
      <Filter>nodes\state</Filter>
    </ClInclude>
    <ClInclude Include="..\..\..\include\rendergraph\node\TextureCube.h">
      <Filter>nodes\resource</Filter>
    </ClInclude>
    <ClInclude Include="..\..\..\include\rendergraph\ValueImpl.h">
      <Filter>dataset\var</Filter>
    </ClInclude>
    <ClInclude Include="..\..\..\include\rendergraph\node\CustomFunction.h">
      <Filter>nodes\others\script</Filter>
    </ClInclude>
    <ClInclude Include="..\..\..\include\rendergraph\node\CustomData.h">
      <Filter>nodes\others\script</Filter>
    </ClInclude>
    <ClInclude Include="..\..\..\include\rendergraph\node\CustomData.parm.h">
      <Filter>nodes\others\script</Filter>
    </ClInclude>
    <ClInclude Include="..\..\..\include\rendergraph\node\FunctionParser.h">
      <Filter>nodes\others\script</Filter>
    </ClInclude>
    <ClInclude Include="..\..\..\include\rendergraph\node\Input.h">
      <Filter>nodes\others\subgraph</Filter>
    </ClInclude>
    <ClInclude Include="..\..\..\include\rendergraph\node\Output.h">
      <Filter>nodes\others\subgraph</Filter>
    </ClInclude>
    <ClInclude Include="..\..\..\include\rendergraph\node\SubGraph.h">
      <Filter>nodes\others\subgraph</Filter>
    </ClInclude>
  </ItemGroup>
  <ItemGroup>
    <Filter Include="dataset">
      <UniqueIdentifier>{6cde9704-4f60-4ca4-a14a-9c1f22aff258}</UniqueIdentifier>
    </Filter>
    <Filter Include="nodes">
      <UniqueIdentifier>{d8aec64a-33c0-4426-a7d1-60c4284e7d95}</UniqueIdentifier>
    </Filter>
    <Filter Include="dataset\var">
      <UniqueIdentifier>{ccf862a4-de04-4960-b7dc-f056ec2e9f64}</UniqueIdentifier>
    </Filter>
    <Filter Include="nodes\state">
      <UniqueIdentifier>{dc7cbfb3-24ed-4cf7-a71b-626d3267f50b}</UniqueIdentifier>
    </Filter>
    <Filter Include="nodes\op">
      <UniqueIdentifier>{a5e71e47-b952-432c-ab82-51784ff2d858}</UniqueIdentifier>
    </Filter>
    <Filter Include="nodes\resource">
      <UniqueIdentifier>{1f31dfc8-c455-4a3a-8e3a-1d7b51118864}</UniqueIdentifier>
    </Filter>
    <Filter Include="system">
      <UniqueIdentifier>{8805e41c-b583-4b9e-a3e6-62b8e2e99c78}</UniqueIdentifier>
    </Filter>
    <Filter Include="tools">
      <UniqueIdentifier>{b9d5758f-385d-468c-bf29-b8129dc4ba3d}</UniqueIdentifier>
    </Filter>
    <Filter Include="nodes\others">
      <UniqueIdentifier>{282905c5-e0c1-4398-8e23-e38d7f5aff06}</UniqueIdentifier>
    </Filter>
    <Filter Include="nodes\others\control flow">
      <UniqueIdentifier>{9626ad6b-74c2-4e14-9c05-92c60a26bfd5}</UniqueIdentifier>
    </Filter>
    <Filter Include="nodes\others\script">
      <UniqueIdentifier>{a806f4e3-83ec-49fc-b682-520ffa580682}</UniqueIdentifier>
    </Filter>
    <Filter Include="tools\rtti">
      <UniqueIdentifier>{9aa628ea-befa-4960-88b7-28d220738b05}</UniqueIdentifier>
    </Filter>
    <Filter Include="nodes\others\math">
      <UniqueIdentifier>{1c86c81c-c641-42c7-a59f-3c4f906d8b6d}</UniqueIdentifier>
    </Filter>
    <Filter Include="nodes\others\value">
      <UniqueIdentifier>{81dcdb18-60f7-46b2-9b78-6cc6cadbbaac}</UniqueIdentifier>
    </Filter>
    <Filter Include="nodes\others\subgraph">
      <UniqueIdentifier>{2eeaae4b-f411-4c59-9ad7-dc8630802d8b}</UniqueIdentifier>
    </Filter>
  </ItemGroup>
  <ItemGroup>
    <None Include="..\..\..\include\rendergraph\node\Input.parm.h">
      <Filter>nodes\others\subgraph</Filter>
    </None>
    <None Include="..\..\..\include\rendergraph\node\Output.parm.h">
      <Filter>nodes\others\subgraph</Filter>
    </None>
  </ItemGroup>
</Project>