<?xml version="1.0" encoding="utf-8"?>
<Project ToolsVersion="4.0" xmlns="http://schemas.microsoft.com/developer/msbuild/2003">
  <ItemGroup>
    <ClCompile Include="..\..\..\source\Callback.cpp" />
    <ClCompile Include="..\..\..\source\RenderMgr.cpp" />
    <ClCompile Include="..\..\..\source\ExternRenderer.cpp">
      <Filter>renders</Filter>
    </ClCompile>
    <ClCompile Include="..\..\..\source\SpriteRenderer.cpp">
      <Filter>renders</Filter>
    </ClCompile>
    <ClCompile Include="..\..\..\source\MeshRenderer.cpp">
      <Filter>renders</Filter>
    </ClCompile>
    <ClCompile Include="..\..\..\source\VolumeRenderer.cpp">
      <Filter>renders</Filter>
    </ClCompile>
  </ItemGroup>
  <ItemGroup>
    <ClInclude Include="..\..\..\include\rendergraph\Callback.h" />
    <ClInclude Include="..\..\..\include\rendergraph\RenderMgr.h" />
    <ClInclude Include="..\..\..\include\rendergraph\ExternRenderer.h">
      <Filter>renders</Filter>
    </ClInclude>
    <ClInclude Include="..\..\..\include\rendergraph\SpriteRenderer.h">
      <Filter>renders</Filter>
    </ClInclude>
    <ClInclude Include="..\..\..\include\rendergraph\MeshRenderer.h">
      <Filter>renders</Filter>
    </ClInclude>
    <ClInclude Include="..\..\..\include\rendergraph\VolumeRenderer.h">
      <Filter>renders</Filter>
    </ClInclude>
    <ClInclude Include="..\..\..\include\rendergraph\IRenderer.h" />
    <ClInclude Include="..\..\..\include\rendergraph\RendererImpl.h" />
    <ClInclude Include="..\..\..\include\rendergraph\RenderBuffer.h" />
    <ClInclude Include="..\..\..\include\rendergraph\UniformNames.h" />
  </ItemGroup>
  <ItemGroup>
    <Filter Include="renders">
      <UniqueIdentifier>{e773b86a-1167-46e9-9d8d-1f798fba8ae1}</UniqueIdentifier>
    </Filter>
  </ItemGroup>
  <ItemGroup>
    <None Include="..\..\..\include\rendergraph\RendererImpl.inl" />
  </ItemGroup>
</Project>